
Microsoft Visual Studio Solution File, Format Version 12.00
# Visual Studio Version 16
VisualStudioVersion = 16.0.28922.388
MinimumVisualStudioVersion = 10.0.40219.1
Project("{FAE04EC0-301F-11D3-BF4B-00C04F79EFBC}") = "TestingMod", "TestingMod\TestingMod.csproj", "{EFE461AE-C3BD-4720-BA5F-B7DD2F9384AA}"
EndProject
Project("{FAE04EC0-301F-11D3-BF4B-00C04F79EFBC}") = "ConsoleMod", "ConsoleMod\ConsoleMod.csproj", "{B5A26B50-2D86-4836-8DC5-E520FE3C5BD5}"
EndProject
Project("{FAE04EC0-301F-11D3-BF4B-00C04F79EFBC}") = "FreeCam", "FreeCam\FreeCam.csproj", "{4169143B-4B87-42F1-A598-3970CDE4EE42}"
EndProject
Global
	GlobalSection(SolutionConfigurationPlatforms) = preSolution
		Debug|Any CPU = Debug|Any CPU
		Release|Any CPU = Release|Any CPU
	EndGlobalSection
	GlobalSection(ProjectConfigurationPlatforms) = postSolution
		{EFE461AE-C3BD-4720-BA5F-B7DD2F9384AA}.Debug|Any CPU.ActiveCfg = Debug|Any CPU
		{EFE461AE-C3BD-4720-BA5F-B7DD2F9384AA}.Debug|Any CPU.Build.0 = Debug|Any CPU
		{EFE461AE-C3BD-4720-BA5F-B7DD2F9384AA}.Release|Any CPU.ActiveCfg = Release|Any CPU
		{EFE461AE-C3BD-4720-BA5F-B7DD2F9384AA}.Release|Any CPU.Build.0 = Release|Any CPU
		{B5A26B50-2D86-4836-8DC5-E520FE3C5BD5}.Debug|Any CPU.ActiveCfg = Debug|Any CPU
		{B5A26B50-2D86-4836-8DC5-E520FE3C5BD5}.Debug|Any CPU.Build.0 = Debug|Any CPU
		{B5A26B50-2D86-4836-8DC5-E520FE3C5BD5}.Release|Any CPU.ActiveCfg = Release|Any CPU
		{B5A26B50-2D86-4836-8DC5-E520FE3C5BD5}.Release|Any CPU.Build.0 = Release|Any CPU
		{4169143B-4B87-42F1-A598-3970CDE4EE42}.Debug|Any CPU.ActiveCfg = Debug|Any CPU
		{4169143B-4B87-42F1-A598-3970CDE4EE42}.Debug|Any CPU.Build.0 = Debug|Any CPU
		{4169143B-4B87-42F1-A598-3970CDE4EE42}.Release|Any CPU.ActiveCfg = Release|Any CPU
		{4169143B-4B87-42F1-A598-3970CDE4EE42}.Release|Any CPU.Build.0 = Release|Any CPU
	EndGlobalSection
	GlobalSection(SolutionProperties) = preSolution
		HideSolutionNode = FALSE
	EndGlobalSection
	GlobalSection(ExtensibilityGlobals) = postSolution
		SolutionGuid = {5B8E7AEF-24BA-4BDB-83ED-06C0A28545A4}
	EndGlobalSection
EndGlobal
