
Microsoft Visual Studio Solution File, Format Version 12.00
# Visual Studio Version 16
VisualStudioVersion = 16.0.28922.388
MinimumVisualStudioVersion = 10.0.40219.1
Project("{FAE04EC0-301F-11D3-BF4B-00C04F79EFBC}") = "TestingMod", "TestingMod\TestingMod.csproj", "{EFE461AE-C3BD-4720-BA5F-B7DD2F9384AA}"
EndProject
Project("{FAE04EC0-301F-11D3-BF4B-00C04F79EFBC}") = "ConsoleMod", "ConsoleMod\ConsoleMod.csproj", "{B5A26B50-2D86-4836-8DC5-E520FE3C5BD5}"
EndProject
Project("{FAE04EC0-301F-11D3-BF4B-00C04F79EFBC}") = "FreeCam", "FreeCam\FreeCam.csproj", "{4169143B-4B87-42F1-A598-3970CDE4EE42}"
EndProject
Project("{FAE04EC0-301F-11D3-BF4B-00C04F79EFBC}") = "TexturePacks", "TexturePacks\TexturePacks.csproj", "{34A5B81C-1F5D-4980-817B-22FE49F0FD25}"
EndProject
Project("{FAE04EC0-301F-11D3-BF4B-00C04F79EFBC}") = "UnlimitedAmmo", "UnlimitedAmmo\UnlimitedAmmo.csproj", "{142F77D5-A601-423B-9594-06791CB49589}"
EndProject
Project("{FAE04EC0-301F-11D3-BF4B-00C04F79EFBC}") = "RemoveTrees", "RemoveTrees\RemoveTrees.csproj", "{1F744BC7-E97F-4CF0-9978-EE4AC244E76E}"
EndProject
Project("{FAE04EC0-301F-11D3-BF4B-00C04F79EFBC}") = "MusicShuffle", "MusicShuffle\MusicShuffle.csproj", "{F298B35E-A63A-4DB2-8563-A9F569841A2F}"
EndProject
Project("{FAE04EC0-301F-11D3-BF4B-00C04F79EFBC}") = "MediaControls", "MediaControls\MediaControls.csproj", "{04D8DC52-B1B7-42A2-9721-C155B1F22AFC}"
EndProject
Global
	GlobalSection(SolutionConfigurationPlatforms) = preSolution
		Debug|Any CPU = Debug|Any CPU
		Release|Any CPU = Release|Any CPU
	EndGlobalSection
	GlobalSection(ProjectConfigurationPlatforms) = postSolution
		{EFE461AE-C3BD-4720-BA5F-B7DD2F9384AA}.Debug|Any CPU.ActiveCfg = Debug|Any CPU
		{EFE461AE-C3BD-4720-BA5F-B7DD2F9384AA}.Debug|Any CPU.Build.0 = Debug|Any CPU
		{EFE461AE-C3BD-4720-BA5F-B7DD2F9384AA}.Release|Any CPU.ActiveCfg = Release|Any CPU
		{EFE461AE-C3BD-4720-BA5F-B7DD2F9384AA}.Release|Any CPU.Build.0 = Release|Any CPU
		{B5A26B50-2D86-4836-8DC5-E520FE3C5BD5}.Debug|Any CPU.ActiveCfg = Debug|Any CPU
		{B5A26B50-2D86-4836-8DC5-E520FE3C5BD5}.Debug|Any CPU.Build.0 = Debug|Any CPU
		{B5A26B50-2D86-4836-8DC5-E520FE3C5BD5}.Release|Any CPU.ActiveCfg = Release|Any CPU
		{B5A26B50-2D86-4836-8DC5-E520FE3C5BD5}.Release|Any CPU.Build.0 = Release|Any CPU
		{4169143B-4B87-42F1-A598-3970CDE4EE42}.Debug|Any CPU.ActiveCfg = Debug|Any CPU
		{4169143B-4B87-42F1-A598-3970CDE4EE42}.Debug|Any CPU.Build.0 = Debug|Any CPU
		{4169143B-4B87-42F1-A598-3970CDE4EE42}.Release|Any CPU.ActiveCfg = Release|Any CPU
		{4169143B-4B87-42F1-A598-3970CDE4EE42}.Release|Any CPU.Build.0 = Release|Any CPU
		{34A5B81C-1F5D-4980-817B-22FE49F0FD25}.Debug|Any CPU.ActiveCfg = Debug|Any CPU
		{34A5B81C-1F5D-4980-817B-22FE49F0FD25}.Debug|Any CPU.Build.0 = Debug|Any CPU
		{34A5B81C-1F5D-4980-817B-22FE49F0FD25}.Release|Any CPU.ActiveCfg = Release|Any CPU
		{34A5B81C-1F5D-4980-817B-22FE49F0FD25}.Release|Any CPU.Build.0 = Release|Any CPU
		{142F77D5-A601-423B-9594-06791CB49589}.Debug|Any CPU.ActiveCfg = Debug|Any CPU
		{142F77D5-A601-423B-9594-06791CB49589}.Debug|Any CPU.Build.0 = Debug|Any CPU
		{142F77D5-A601-423B-9594-06791CB49589}.Release|Any CPU.ActiveCfg = Release|Any CPU
		{142F77D5-A601-423B-9594-06791CB49589}.Release|Any CPU.Build.0 = Release|Any CPU
		{1F744BC7-E97F-4CF0-9978-EE4AC244E76E}.Debug|Any CPU.ActiveCfg = Debug|Any CPU
		{1F744BC7-E97F-4CF0-9978-EE4AC244E76E}.Debug|Any CPU.Build.0 = Debug|Any CPU
		{1F744BC7-E97F-4CF0-9978-EE4AC244E76E}.Release|Any CPU.ActiveCfg = Release|Any CPU
		{1F744BC7-E97F-4CF0-9978-EE4AC244E76E}.Release|Any CPU.Build.0 = Release|Any CPU
		{F298B35E-A63A-4DB2-8563-A9F569841A2F}.Debug|Any CPU.ActiveCfg = Debug|Any CPU
		{F298B35E-A63A-4DB2-8563-A9F569841A2F}.Debug|Any CPU.Build.0 = Debug|Any CPU
		{F298B35E-A63A-4DB2-8563-A9F569841A2F}.Release|Any CPU.ActiveCfg = Release|Any CPU
		{F298B35E-A63A-4DB2-8563-A9F569841A2F}.Release|Any CPU.Build.0 = Release|Any CPU
		{04D8DC52-B1B7-42A2-9721-C155B1F22AFC}.Debug|Any CPU.ActiveCfg = Debug|Any CPU
		{04D8DC52-B1B7-42A2-9721-C155B1F22AFC}.Debug|Any CPU.Build.0 = Debug|Any CPU
		{04D8DC52-B1B7-42A2-9721-C155B1F22AFC}.Release|Any CPU.ActiveCfg = Release|Any CPU
		{04D8DC52-B1B7-42A2-9721-C155B1F22AFC}.Release|Any CPU.Build.0 = Release|Any CPU
	EndGlobalSection
	GlobalSection(SolutionProperties) = preSolution
		HideSolutionNode = FALSE
	EndGlobalSection
	GlobalSection(ExtensibilityGlobals) = postSolution
		SolutionGuid = {5B8E7AEF-24BA-4BDB-83ED-06C0A28545A4}
	EndGlobalSection
EndGlobal
